
Microsoft Visual Studio Solution File, Format Version 12.00
# Visual Studio Version 16
VisualStudioVersion = 16.0.30804.86
MinimumVisualStudioVersion = 10.0.40219.1
Project("{FAE04EC0-301F-11D3-BF4B-00C04F79EFBC}") = "BetaMart_FaizAM", "BetaMart_FaizAM\BetaMart_FaizAM.csproj", "{14AE6416-6731-4D1B-A059-C0B9CD38F065}"
EndProject
Global
	GlobalSection(SolutionConfigurationPlatforms) = preSolution
		Debug|Any CPU = Debug|Any CPU
		Release|Any CPU = Release|Any CPU
	EndGlobalSection
	GlobalSection(ProjectConfigurationPlatforms) = postSolution
		{14AE6416-6731-4D1B-A059-C0B9CD38F065}.Debug|Any CPU.ActiveCfg = Debug|Any CPU
		{14AE6416-6731-4D1B-A059-C0B9CD38F065}.Debug|Any CPU.Build.0 = Debug|Any CPU
		{14AE6416-6731-4D1B-A059-C0B9CD38F065}.Release|Any CPU.ActiveCfg = Release|Any CPU
		{14AE6416-6731-4D1B-A059-C0B9CD38F065}.Release|Any CPU.Build.0 = Release|Any CPU
	EndGlobalSection
	GlobalSection(SolutionProperties) = preSolution
		HideSolutionNode = FALSE
	EndGlobalSection
	GlobalSection(ExtensibilityGlobals) = postSolution
		SolutionGuid = {4C40A158-AF4B-4AF4-A05B-47688D4763D9}
	EndGlobalSection
EndGlobal
